
Microsoft Visual Studio Solution File, Format Version 12.00
# Visual Studio Version 17
VisualStudioVersion = 17.6.33815.320
MinimumVisualStudioVersion = 10.0.40219.1
Project("{FAE04EC0-301F-11D3-BF4B-00C04F79EFBC}") = "NeuroCompote", "NeuroCompote\NeuroCompote.csproj", "{6A4B1B64-0AA5-46EA-824E-91D6D69BA0E4}"
EndProject
Global
	GlobalSection(SolutionConfigurationPlatforms) = preSolution
		Debug|Any CPU = Debug|Any CPU
		Release|Any CPU = Release|Any CPU
	EndGlobalSection
	GlobalSection(ProjectConfigurationPlatforms) = postSolution
		{6A4B1B64-0AA5-46EA-824E-91D6D69BA0E4}.Debug|Any CPU.ActiveCfg = Debug|Any CPU
		{6A4B1B64-0AA5-46EA-824E-91D6D69BA0E4}.Debug|Any CPU.Build.0 = Debug|Any CPU
		{6A4B1B64-0AA5-46EA-824E-91D6D69BA0E4}.Release|Any CPU.ActiveCfg = Release|Any CPU
		{6A4B1B64-0AA5-46EA-824E-91D6D69BA0E4}.Release|Any CPU.Build.0 = Release|Any CPU
	EndGlobalSection
	GlobalSection(SolutionProperties) = preSolution
		HideSolutionNode = FALSE
	EndGlobalSection
	GlobalSection(ExtensibilityGlobals) = postSolution
		SolutionGuid = {EB630B60-16E3-4F78-93AB-595B54FBC505}
	EndGlobalSection
EndGlobal
